// !$*UTF8*$!
{
	archiveVersion = 1;
	classes = {
	};
	objectVersion = 46;
	objects = {

/* Begin PBXBuildFile section */
		7C1E3D3A19CEC9D00063CECA /* main.m in Sources */ = {isa = PBXBuildFile; fileRef = 7C1E3D3919CEC9D00063CECA /* main.m */; };
		7C1E3D3D19CEC9D00063CECA /* AppDelegate.m in Sources */ = {isa = PBXBuildFile; fileRef = 7C1E3D3C19CEC9D00063CECA /* AppDelegate.m */; };
		7C1E3D4319CEC9D00063CECA /* Main.storyboard in Resources */ = {isa = PBXBuildFile; fileRef = 7C1E3D4119CEC9D00063CECA /* Main.storyboard */; };
		7C1E3D4519CEC9D00063CECA /* Images.xcassets in Resources */ = {isa = PBXBuildFile; fileRef = 7C1E3D4419CEC9D00063CECA /* Images.xcassets */; };
		7C1E3D4819CEC9D00063CECA /* LaunchScreen.xib in Resources */ = {isa = PBXBuildFile; fileRef = 7C1E3D4619CEC9D00063CECA /* LaunchScreen.xib */; };
		7C1E3D5419CEC9D10063CECA /* JNKNaverOAuth1OpenAPI_iOS_ExampleTests.m in Sources */ = {isa = PBXBuildFile; fileRef = 7C1E3D5319CEC9D10063CECA /* JNKNaverOAuth1OpenAPI_iOS_ExampleTests.m */; };
		7C1E3E7A19CECA110063CECA /* JNKAsyncURLConnection.m in Sources */ = {isa = PBXBuildFile; fileRef = 7C1E3E4319CECA110063CECA /* JNKAsyncURLConnection.m */; };
		7C1E3E7B19CECA110063CECA /* JNKBase64Transcoder.c in Sources */ = {isa = PBXBuildFile; fileRef = 7C1E3E4A19CECA110063CECA /* JNKBase64Transcoder.c */; };
		7C1E3E7C19CECA110063CECA /* JNKOAuth1.m in Sources */ = {isa = PBXBuildFile; fileRef = 7C1E3E4D19CECA110063CECA /* JNKOAuth1.m */; };
		7C1E3E7D19CECA110063CECA /* NSString+JNKOAuth1Encoding.m in Sources */ = {isa = PBXBuildFile; fileRef = 7C1E3E5019CECA110063CECA /* NSString+JNKOAuth1Encoding.m */; };
		7C1E3E7E19CECA110063CECA /* JNKOAuth1Helper.m in Sources */ = {isa = PBXBuildFile; fileRef = 7C1E3E5319CECA110063CECA /* JNKOAuth1Helper.m */; };
		7C1E3E7F19CECA110063CECA /* JNKOAuth1UserDefaults.m in Sources */ = {isa = PBXBuildFile; fileRef = 7C1E3E5619CECA110063CECA /* JNKOAuth1UserDefaults.m */; };
		7C1E3E9619CECD1D0063CECA /* libz.dylib in Frameworks */ = {isa = PBXBuildFile; fileRef = 7C1E3E9519CECD1D0063CECA /* libz.dylib */; };
		7C1E3E9819CECD210063CECA /* UIKit.framework in Frameworks */ = {isa = PBXBuildFile; fileRef = 7C1E3E9719CECD210063CECA /* UIKit.framework */; };
		7C1E3E9A19CECD250063CECA /* CoreGraphics.framework in Frameworks */ = {isa = PBXBuildFile; fileRef = 7C1E3E9919CECD250063CECA /* CoreGraphics.framework */; };
		7C1E3E9C19CECD290063CECA /* Foundation.framework in Frameworks */ = {isa = PBXBuildFile; fileRef = 7C1E3E9B19CECD290063CECA /* Foundation.framework */; };
		7C1E3E9F19CECE1B0063CECA /* JNKNaverOAuth1ViewController.m in Sources */ = {isa = PBXBuildFile; fileRef = 7C1E3E9E19CECE1B0063CECA /* JNKNaverOAuth1ViewController.m */; };
		7C7B24D419D056E8006298E6 /* NSString+JNKURLEncode.m in Sources */ = {isa = PBXBuildFile; fileRef = 7C7B24D119D056E8006298E6 /* NSString+JNKURLEncode.m */; };
		7C7B24D519D056E8006298E6 /* UIAlertView+JNKError.m in Sources */ = {isa = PBXBuildFile; fileRef = 7C7B24D319D056E8006298E6 /* UIAlertView+JNKError.m */; };
		7CDBB04719CF0A6900782746 /* JNKNaverOAuth1Request.m in Sources */ = {isa = PBXBuildFile; fileRef = 7CDBB00719CF0A6900782746 /* JNKNaverOAuth1Request.m */; };
		7CDBB04819CF0A6900782746 /* JNKNaverOAuth1WebViewController.m in Sources */ = {isa = PBXBuildFile; fileRef = 7CDBB00A19CF0A6900782746 /* JNKNaverOAuth1WebViewController.m */; };
/* End PBXBuildFile section */

/* Begin PBXContainerItemProxy section */
		7C1E3D4E19CEC9D00063CECA /* PBXContainerItemProxy */ = {
			isa = PBXContainerItemProxy;
			containerPortal = 7C1E3D2C19CEC9D00063CECA /* Project object */;
			proxyType = 1;
			remoteGlobalIDString = 7C1E3D3319CEC9D00063CECA;
			remoteInfo = "JNKNaverOAuth1OpenAPI iOS Example";
		};
/* End PBXContainerItemProxy section */

/* Begin PBXFileReference section */
		7C1E3D3419CEC9D00063CECA /* JNKNaverOAuth1OpenAPI iOS Example.app */ = {isa = PBXFileReference; explicitFileType = wrapper.application; includeInIndex = 0; path = "JNKNaverOAuth1OpenAPI iOS Example.app"; sourceTree = BUILT_PRODUCTS_DIR; };
		7C1E3D3819CEC9D00063CECA /* Info.plist */ = {isa = PBXFileReference; lastKnownFileType = text.plist.xml; path = Info.plist; sourceTree = "<group>"; };
		7C1E3D3919CEC9D00063CECA /* main.m */ = {isa = PBXFileReference; lastKnownFileType = sourcecode.c.objc; path = main.m; sourceTree = "<group>"; };
		7C1E3D3B19CEC9D00063CECA /* AppDelegate.h */ = {isa = PBXFileReference; lastKnownFileType = sourcecode.c.h; path = AppDelegate.h; sourceTree = "<group>"; };
		7C1E3D3C19CEC9D00063CECA /* AppDelegate.m */ = {isa = PBXFileReference; lastKnownFileType = sourcecode.c.objc; path = AppDelegate.m; sourceTree = "<group>"; };
		7C1E3D4219CEC9D00063CECA /* Base */ = {isa = PBXFileReference; lastKnownFileType = file.storyboard; name = Base; path = Base.lproj/Main.storyboard; sourceTree = "<group>"; };
		7C1E3D4419CEC9D00063CECA /* Images.xcassets */ = {isa = PBXFileReference; lastKnownFileType = folder.assetcatalog; path = Images.xcassets; sourceTree = "<group>"; };
		7C1E3D4719CEC9D00063CECA /* Base */ = {isa = PBXFileReference; lastKnownFileType = file.xib; name = Base; path = Base.lproj/LaunchScreen.xib; sourceTree = "<group>"; };
		7C1E3D4D19CEC9D00063CECA /* JNKNaverOAuth1OpenAPI iOS ExampleTests.xctest */ = {isa = PBXFileReference; explicitFileType = wrapper.cfbundle; includeInIndex = 0; path = "JNKNaverOAuth1OpenAPI iOS ExampleTests.xctest"; sourceTree = BUILT_PRODUCTS_DIR; };
		7C1E3D5219CEC9D00063CECA /* Info.plist */ = {isa = PBXFileReference; lastKnownFileType = text.plist.xml; path = Info.plist; sourceTree = "<group>"; };
		7C1E3D5319CEC9D10063CECA /* JNKNaverOAuth1OpenAPI_iOS_ExampleTests.m */ = {isa = PBXFileReference; lastKnownFileType = sourcecode.c.objc; path = JNKNaverOAuth1OpenAPI_iOS_ExampleTests.m; sourceTree = "<group>"; };
		7C1E3E4219CECA110063CECA /* JNKAsyncURLConnection.h */ = {isa = PBXFileReference; fileEncoding = 4; lastKnownFileType = sourcecode.c.h; path = JNKAsyncURLConnection.h; sourceTree = "<group>"; };
		7C1E3E4319CECA110063CECA /* JNKAsyncURLConnection.m */ = {isa = PBXFileReference; fileEncoding = 4; lastKnownFileType = sourcecode.c.objc; path = JNKAsyncURLConnection.m; sourceTree = "<group>"; };
		7C1E3E4519CECA110063CECA /* JNKARCMacro.h */ = {isa = PBXFileReference; fileEncoding = 4; lastKnownFileType = sourcecode.c.h; path = JNKARCMacro.h; sourceTree = "<group>"; };
		7C1E3E4619CECA110063CECA /* JNKLogMacro.h */ = {isa = PBXFileReference; fileEncoding = 4; lastKnownFileType = sourcecode.c.h; path = JNKLogMacro.h; sourceTree = "<group>"; };
		7C1E3E4719CECA110063CECA /* JNKMacro.h */ = {isa = PBXFileReference; fileEncoding = 4; lastKnownFileType = sourcecode.c.h; path = JNKMacro.h; sourceTree = "<group>"; };
		7C1E3E4A19CECA110063CECA /* JNKBase64Transcoder.c */ = {isa = PBXFileReference; fileEncoding = 4; lastKnownFileType = sourcecode.c.c; path = JNKBase64Transcoder.c; sourceTree = "<group>"; };
		7C1E3E4B19CECA110063CECA /* JNKBase64Transcoder.h */ = {isa = PBXFileReference; fileEncoding = 4; lastKnownFileType = sourcecode.c.h; path = JNKBase64Transcoder.h; sourceTree = "<group>"; };
		7C1E3E4C19CECA110063CECA /* JNKOAuth1.h */ = {isa = PBXFileReference; fileEncoding = 4; lastKnownFileType = sourcecode.c.h; path = JNKOAuth1.h; sourceTree = "<group>"; };
		7C1E3E4D19CECA110063CECA /* JNKOAuth1.m */ = {isa = PBXFileReference; fileEncoding = 4; lastKnownFileType = sourcecode.c.objc; path = JNKOAuth1.m; sourceTree = "<group>"; };
		7C1E3E4F19CECA110063CECA /* NSString+JNKOAuth1Encoding.h */ = {isa = PBXFileReference; fileEncoding = 4; lastKnownFileType = sourcecode.c.h; path = "NSString+JNKOAuth1Encoding.h"; sourceTree = "<group>"; };
		7C1E3E5019CECA110063CECA /* NSString+JNKOAuth1Encoding.m */ = {isa = PBXFileReference; fileEncoding = 4; lastKnownFileType = sourcecode.c.objc; path = "NSString+JNKOAuth1Encoding.m"; sourceTree = "<group>"; };
		7C1E3E5219CECA110063CECA /* JNKOAuth1Helper.h */ = {isa = PBXFileReference; fileEncoding = 4; lastKnownFileType = sourcecode.c.h; path = JNKOAuth1Helper.h; sourceTree = "<group>"; };
		7C1E3E5319CECA110063CECA /* JNKOAuth1Helper.m */ = {isa = PBXFileReference; fileEncoding = 4; lastKnownFileType = sourcecode.c.objc; path = JNKOAuth1Helper.m; sourceTree = "<group>"; };
		7C1E3E5519CECA110063CECA /* JNKOAuth1UserDefaults.h */ = {isa = PBXFileReference; fileEncoding = 4; lastKnownFileType = sourcecode.c.h; path = JNKOAuth1UserDefaults.h; sourceTree = "<group>"; };
		7C1E3E5619CECA110063CECA /* JNKOAuth1UserDefaults.m */ = {isa = PBXFileReference; fileEncoding = 4; lastKnownFileType = sourcecode.c.objc; path = JNKOAuth1UserDefaults.m; sourceTree = "<group>"; };
		7C1E3E9519CECD1D0063CECA /* libz.dylib */ = {isa = PBXFileReference; lastKnownFileType = "compiled.mach-o.dylib"; name = libz.dylib; path = usr/lib/libz.dylib; sourceTree = SDKROOT; };
		7C1E3E9719CECD210063CECA /* UIKit.framework */ = {isa = PBXFileReference; lastKnownFileType = wrapper.framework; name = UIKit.framework; path = System/Library/Frameworks/UIKit.framework; sourceTree = SDKROOT; };
		7C1E3E9919CECD250063CECA /* CoreGraphics.framework */ = {isa = PBXFileReference; lastKnownFileType = wrapper.framework; name = CoreGraphics.framework; path = System/Library/Frameworks/CoreGraphics.framework; sourceTree = SDKROOT; };
		7C1E3E9B19CECD290063CECA /* Foundation.framework */ = {isa = PBXFileReference; lastKnownFileType = wrapper.framework; name = Foundation.framework; path = System/Library/Frameworks/Foundation.framework; sourceTree = SDKROOT; };
		7C1E3E9D19CECE1B0063CECA /* JNKNaverOAuth1ViewController.h */ = {isa = PBXFileReference; fileEncoding = 4; lastKnownFileType = sourcecode.c.h; path = JNKNaverOAuth1ViewController.h; sourceTree = "<group>"; };
		7C1E3E9E19CECE1B0063CECA /* JNKNaverOAuth1ViewController.m */ = {isa = PBXFileReference; fileEncoding = 4; lastKnownFileType = sourcecode.c.objc; path = JNKNaverOAuth1ViewController.m; sourceTree = "<group>"; };
		7C7B24AC19D04CF1006298E6 /* JNKNaverOpenAPIConf.h */ = {isa = PBXFileReference; fileEncoding = 4; lastKnownFileType = sourcecode.c.h; path = JNKNaverOpenAPIConf.h; sourceTree = "<group>"; };
		7C7B24AD19D04CF1006298E6 /* JNKNaverOpenAPI.h */ = {isa = PBXFileReference; fileEncoding = 4; lastKnownFileType = sourcecode.c.h; path = JNKNaverOpenAPI.h; sourceTree = "<group>"; };
		7C7B24D019D056E8006298E6 /* NSString+JNKURLEncode.h */ = {isa = PBXFileReference; fileEncoding = 4; lastKnownFileType = sourcecode.c.h; path = "NSString+JNKURLEncode.h"; sourceTree = "<group>"; };
		7C7B24D119D056E8006298E6 /* NSString+JNKURLEncode.m */ = {isa = PBXFileReference; fileEncoding = 4; lastKnownFileType = sourcecode.c.objc; path = "NSString+JNKURLEncode.m"; sourceTree = "<group>"; };
		7C7B24D219D056E8006298E6 /* UIAlertView+JNKError.h */ = {isa = PBXFileReference; fileEncoding = 4; lastKnownFileType = sourcecode.c.h; path = "UIAlertView+JNKError.h"; sourceTree = "<group>"; };
		7C7B24D319D056E8006298E6 /* UIAlertView+JNKError.m */ = {isa = PBXFileReference; fileEncoding = 4; lastKnownFileType = sourcecode.c.objc; path = "UIAlertView+JNKError.m"; sourceTree = "<group>"; };
		7CDBB00419CF0A6900782746 /* JNKNaverOAuth1OpenAPI.h */ = {isa = PBXFileReference; fileEncoding = 4; lastKnownFileType = sourcecode.c.h; path = JNKNaverOAuth1OpenAPI.h; sourceTree = "<group>"; };
		7CDBB00619CF0A6900782746 /* JNKNaverOAuth1Request.h */ = {isa = PBXFileReference; fileEncoding = 4; lastKnownFileType = sourcecode.c.h; path = JNKNaverOAuth1Request.h; sourceTree = "<group>"; };
		7CDBB00719CF0A6900782746 /* JNKNaverOAuth1Request.m */ = {isa = PBXFileReference; fileEncoding = 4; lastKnownFileType = sourcecode.c.objc; path = JNKNaverOAuth1Request.m; sourceTree = "<group>"; };
		7CDBB00919CF0A6900782746 /* JNKNaverOAuth1WebViewController.h */ = {isa = PBXFileReference; fileEncoding = 4; lastKnownFileType = sourcecode.c.h; path = JNKNaverOAuth1WebViewController.h; sourceTree = "<group>"; };
		7CDBB00A19CF0A6900782746 /* JNKNaverOAuth1WebViewController.m */ = {isa = PBXFileReference; fileEncoding = 4; lastKnownFileType = sourcecode.c.objc; path = JNKNaverOAuth1WebViewController.m; sourceTree = "<group>"; };
/* End PBXFileReference section */

/* Begin PBXFrameworksBuildPhase section */
		7C1E3D3119CEC9D00063CECA /* Frameworks */ = {
			isa = PBXFrameworksBuildPhase;
			buildActionMask = 2147483647;
			files = (
				7C1E3E9C19CECD290063CECA /* Foundation.framework in Frameworks */,
				7C1E3E9A19CECD250063CECA /* CoreGraphics.framework in Frameworks */,
				7C1E3E9819CECD210063CECA /* UIKit.framework in Frameworks */,
				7C1E3E9619CECD1D0063CECA /* libz.dylib in Frameworks */,
			);
			runOnlyForDeploymentPostprocessing = 0;
		};
		7C1E3D4A19CEC9D00063CECA /* Frameworks */ = {
			isa = PBXFrameworksBuildPhase;
			buildActionMask = 2147483647;
			files = (
			);
			runOnlyForDeploymentPostprocessing = 0;
		};
/* End PBXFrameworksBuildPhase section */

/* Begin PBXGroup section */
		7C1E3D2B19CEC9D00063CECA = {
			isa = PBXGroup;
			children = (
				7C1E3E3F19CECA110063CECA /* Vendor */,
				7C1E3DF119CECA110063CECA /* Source */,
				7C1E3D3619CEC9D00063CECA /* JNKNaverOAuth1OpenAPI iOS Example */,
				7C1E3E9419CECCF30063CECA /* Frameworks */,
				7C1E3D5019CEC9D00063CECA /* JNKNaverOAuth1OpenAPI iOS ExampleTests */,
				7C1E3D3519CEC9D00063CECA /* Products */,
			);
			sourceTree = "<group>";
		};
		7C1E3D3519CEC9D00063CECA /* Products */ = {
			isa = PBXGroup;
			children = (
				7C1E3D3419CEC9D00063CECA /* JNKNaverOAuth1OpenAPI iOS Example.app */,
				7C1E3D4D19CEC9D00063CECA /* JNKNaverOAuth1OpenAPI iOS ExampleTests.xctest */,
			);
			name = Products;
			sourceTree = "<group>";
		};
		7C1E3D3619CEC9D00063CECA /* JNKNaverOAuth1OpenAPI iOS Example */ = {
			isa = PBXGroup;
			children = (
				7C1E3D3B19CEC9D00063CECA /* AppDelegate.h */,
				7C1E3D3C19CEC9D00063CECA /* AppDelegate.m */,
				7C1E3E9D19CECE1B0063CECA /* JNKNaverOAuth1ViewController.h */,
				7C1E3E9E19CECE1B0063CECA /* JNKNaverOAuth1ViewController.m */,
				7C1E3D4119CEC9D00063CECA /* Main.storyboard */,
				7C1E3D4419CEC9D00063CECA /* Images.xcassets */,
				7C1E3D4619CEC9D00063CECA /* LaunchScreen.xib */,
				7C1E3D3719CEC9D00063CECA /* Supporting Files */,
			);
			path = "JNKNaverOAuth1OpenAPI iOS Example";
			sourceTree = "<group>";
		};
		7C1E3D3719CEC9D00063CECA /* Supporting Files */ = {
			isa = PBXGroup;
			children = (
				7C1E3D3819CEC9D00063CECA /* Info.plist */,
				7C1E3D3919CEC9D00063CECA /* main.m */,
			);
			name = "Supporting Files";
			sourceTree = "<group>";
		};
		7C1E3D5019CEC9D00063CECA /* JNKNaverOAuth1OpenAPI iOS ExampleTests */ = {
			isa = PBXGroup;
			children = (
				7C1E3D5319CEC9D10063CECA /* JNKNaverOAuth1OpenAPI_iOS_ExampleTests.m */,
				7C1E3D5119CEC9D00063CECA /* Supporting Files */,
			);
			path = "JNKNaverOAuth1OpenAPI iOS ExampleTests";
			sourceTree = "<group>";
		};
		7C1E3D5119CEC9D00063CECA /* Supporting Files */ = {
			isa = PBXGroup;
			children = (
				7C1E3D5219CEC9D00063CECA /* Info.plist */,
			);
			name = "Supporting Files";
			sourceTree = "<group>";
		};
		7C1E3DF119CECA110063CECA /* Source */ = {
			isa = PBXGroup;
			children = (
				7C7B24CF19D056E8006298E6 /* JNKNaverCategory */,
				7CDBAFEC19CF0A6900782746 /* JNKNaverOpenAPI */,
			);
			name = Source;
			path = ../Source;
			sourceTree = "<group>";
		};
		7C1E3E3F19CECA110063CECA /* Vendor */ = {
			isa = PBXGroup;
			children = (
				7C1E3E4019CECA110063CECA /* JNKLibrary */,
			);
			name = Vendor;
			path = ../Vendor;
			sourceTree = "<group>";
		};
		7C1E3E4019CECA110063CECA /* JNKLibrary */ = {
			isa = PBXGroup;
			children = (
				7C1E3E4119CECA110063CECA /* JNKAsyncURLConnection */,
				7C1E3E4419CECA110063CECA /* JNKMacro */,
				7C1E3E4819CECA110063CECA /* JNKOAuth1 */,
			);
			path = JNKLibrary;
			sourceTree = "<group>";
		};
		7C1E3E4119CECA110063CECA /* JNKAsyncURLConnection */ = {
			isa = PBXGroup;
			children = (
				7C1E3E4219CECA110063CECA /* JNKAsyncURLConnection.h */,
				7C1E3E4319CECA110063CECA /* JNKAsyncURLConnection.m */,
			);
			path = JNKAsyncURLConnection;
			sourceTree = "<group>";
		};
		7C1E3E4419CECA110063CECA /* JNKMacro */ = {
			isa = PBXGroup;
			children = (
				7C1E3E4519CECA110063CECA /* JNKARCMacro.h */,
				7C1E3E4619CECA110063CECA /* JNKLogMacro.h */,
				7C1E3E4719CECA110063CECA /* JNKMacro.h */,
			);
			path = JNKMacro;
			sourceTree = "<group>";
		};
		7C1E3E4819CECA110063CECA /* JNKOAuth1 */ = {
			isa = PBXGroup;
			children = (
				7C1E3E4E19CECA110063CECA /* JNKOAuth1Category */,
				7C1E3E5119CECA110063CECA /* JNKOAuth1Helper */,
				7C1E3E5419CECA110063CECA /* JNKOAuth1UserDefaults */,
				7C1E3E4919CECA110063CECA /* JNKBase64Transcoder */,
				7C1E3E4C19CECA110063CECA /* JNKOAuth1.h */,
				7C1E3E4D19CECA110063CECA /* JNKOAuth1.m */,
			);
			path = JNKOAuth1;
			sourceTree = "<group>";
		};
		7C1E3E4919CECA110063CECA /* JNKBase64Transcoder */ = {
			isa = PBXGroup;
			children = (
				7C1E3E4A19CECA110063CECA /* JNKBase64Transcoder.c */,
				7C1E3E4B19CECA110063CECA /* JNKBase64Transcoder.h */,
			);
			path = JNKBase64Transcoder;
			sourceTree = "<group>";
		};
		7C1E3E4E19CECA110063CECA /* JNKOAuth1Category */ = {
			isa = PBXGroup;
			children = (
				7C1E3E4F19CECA110063CECA /* NSString+JNKOAuth1Encoding.h */,
				7C1E3E5019CECA110063CECA /* NSString+JNKOAuth1Encoding.m */,
			);
			path = JNKOAuth1Category;
			sourceTree = "<group>";
		};
		7C1E3E5119CECA110063CECA /* JNKOAuth1Helper */ = {
			isa = PBXGroup;
			children = (
				7C1E3E5219CECA110063CECA /* JNKOAuth1Helper.h */,
				7C1E3E5319CECA110063CECA /* JNKOAuth1Helper.m */,
			);
			path = JNKOAuth1Helper;
			sourceTree = "<group>";
		};
		7C1E3E5419CECA110063CECA /* JNKOAuth1UserDefaults */ = {
			isa = PBXGroup;
			children = (
				7C1E3E5519CECA110063CECA /* JNKOAuth1UserDefaults.h */,
				7C1E3E5619CECA110063CECA /* JNKOAuth1UserDefaults.m */,
			);
			path = JNKOAuth1UserDefaults;
			sourceTree = "<group>";
		};
		7C1E3E9419CECCF30063CECA /* Frameworks */ = {
			isa = PBXGroup;
			children = (
				7C1E3E9B19CECD290063CECA /* Foundation.framework */,
				7C1E3E9919CECD250063CECA /* CoreGraphics.framework */,
				7C1E3E9719CECD210063CECA /* UIKit.framework */,
				7C1E3E9519CECD1D0063CECA /* libz.dylib */,
			);
			name = Frameworks;
			sourceTree = "<group>";
		};
		7C7B24CF19D056E8006298E6 /* JNKNaverCategory */ = {
			isa = PBXGroup;
			children = (
				7C7B24D019D056E8006298E6 /* NSString+JNKURLEncode.h */,
				7C7B24D119D056E8006298E6 /* NSString+JNKURLEncode.m */,
				7C7B24D219D056E8006298E6 /* UIAlertView+JNKError.h */,
				7C7B24D319D056E8006298E6 /* UIAlertView+JNKError.m */,
			);
			path = JNKNaverCategory;
			sourceTree = "<group>";
		};
		7CDBAFEC19CF0A6900782746 /* JNKNaverOpenAPI */ = {
			isa = PBXGroup;
			children = (
				7CDBB00319CF0A6900782746 /* JNKNaverOAuth1OpenAPI */,
				7C7B24AC19D04CF1006298E6 /* JNKNaverOpenAPIConf.h */,
				7C7B24AD19D04CF1006298E6 /* JNKNaverOpenAPI.h */,
			);
			path = JNKNaverOpenAPI;
			sourceTree = "<group>";
		};
		7CDBB00319CF0A6900782746 /* JNKNaverOAuth1OpenAPI */ = {
			isa = PBXGroup;
			children = (
				7CDBB00519CF0A6900782746 /* JNKNaverOAuth1Request */,
				7CDBB00819CF0A6900782746 /* JNKNaverWebViewController */,
				7CDBB00419CF0A6900782746 /* JNKNaverOAuth1OpenAPI.h */,
			);
			path = JNKNaverOAuth1OpenAPI;
			sourceTree = "<group>";
		};
		7CDBB00519CF0A6900782746 /* JNKNaverOAuth1Request */ = {
			isa = PBXGroup;
			children = (
				7CDBB00619CF0A6900782746 /* JNKNaverOAuth1Request.h */,
				7CDBB00719CF0A6900782746 /* JNKNaverOAuth1Request.m */,
			);
			path = JNKNaverOAuth1Request;
			sourceTree = "<group>";
		};
		7CDBB00819CF0A6900782746 /* JNKNaverWebViewController */ = {
			isa = PBXGroup;
			children = (
				7CDBB00919CF0A6900782746 /* JNKNaverOAuth1WebViewController.h */,
				7CDBB00A19CF0A6900782746 /* JNKNaverOAuth1WebViewController.m */,
			);
			path = JNKNaverWebViewController;
			sourceTree = "<group>";
		};
/* End PBXGroup section */

/* Begin PBXNativeTarget section */
		7C1E3D3319CEC9D00063CECA /* JNKNaverOAuth1OpenAPI iOS Example */ = {
			isa = PBXNativeTarget;
			buildConfigurationList = 7C1E3D5719CEC9D10063CECA /* Build configuration list for PBXNativeTarget "JNKNaverOAuth1OpenAPI iOS Example" */;
			buildPhases = (
				7C1E3D3019CEC9D00063CECA /* Sources */,
				7C1E3D3119CEC9D00063CECA /* Frameworks */,
				7C1E3D3219CEC9D00063CECA /* Resources */,
			);
			buildRules = (
			);
			dependencies = (
			);
			name = "JNKNaverOAuth1OpenAPI iOS Example";
			productName = "JNKNaverOAuth1OpenAPI iOS Example";
			productReference = 7C1E3D3419CEC9D00063CECA /* JNKNaverOAuth1OpenAPI iOS Example.app */;
			productType = "com.apple.product-type.application";
		};
		7C1E3D4C19CEC9D00063CECA /* JNKNaverOAuth1OpenAPI iOS ExampleTests */ = {
			isa = PBXNativeTarget;
			buildConfigurationList = 7C1E3D5A19CEC9D10063CECA /* Build configuration list for PBXNativeTarget "JNKNaverOAuth1OpenAPI iOS ExampleTests" */;
			buildPhases = (
				7C1E3D4919CEC9D00063CECA /* Sources */,
				7C1E3D4A19CEC9D00063CECA /* Frameworks */,
				7C1E3D4B19CEC9D00063CECA /* Resources */,
			);
			buildRules = (
			);
			dependencies = (
				7C1E3D4F19CEC9D00063CECA /* PBXTargetDependency */,
			);
			name = "JNKNaverOAuth1OpenAPI iOS ExampleTests";
			productName = "JNKNaverOAuth1OpenAPI iOS ExampleTests";
			productReference = 7C1E3D4D19CEC9D00063CECA /* JNKNaverOAuth1OpenAPI iOS ExampleTests.xctest */;
			productType = "com.apple.product-type.bundle.unit-test";
		};
/* End PBXNativeTarget section */

/* Begin PBXProject section */
		7C1E3D2C19CEC9D00063CECA /* Project object */ = {
			isa = PBXProject;
			attributes = {
				LastUpgradeCheck = 0600;
				ORGANIZATIONNAME = JosephNK;
				TargetAttributes = {
					7C1E3D3319CEC9D00063CECA = {
						CreatedOnToolsVersion = 6.0;
					};
					7C1E3D4C19CEC9D00063CECA = {
						CreatedOnToolsVersion = 6.0;
						TestTargetID = 7C1E3D3319CEC9D00063CECA;
					};
				};
			};
			buildConfigurationList = 7C1E3D2F19CEC9D00063CECA /* Build configuration list for PBXProject "JNKNaverOAuth1OpenAPI iOS Example" */;
			compatibilityVersion = "Xcode 3.2";
			developmentRegion = English;
			hasScannedForEncodings = 0;
			knownRegions = (
				en,
				Base,
			);
			mainGroup = 7C1E3D2B19CEC9D00063CECA;
			productRefGroup = 7C1E3D3519CEC9D00063CECA /* Products */;
			projectDirPath = "";
			projectRoot = "";
			targets = (
				7C1E3D3319CEC9D00063CECA /* JNKNaverOAuth1OpenAPI iOS Example */,
				7C1E3D4C19CEC9D00063CECA /* JNKNaverOAuth1OpenAPI iOS ExampleTests */,
			);
		};
/* End PBXProject section */

/* Begin PBXResourcesBuildPhase section */
		7C1E3D3219CEC9D00063CECA /* Resources */ = {
			isa = PBXResourcesBuildPhase;
			buildActionMask = 2147483647;
			files = (
				7C1E3D4319CEC9D00063CECA /* Main.storyboard in Resources */,
				7C1E3D4819CEC9D00063CECA /* LaunchScreen.xib in Resources */,
				7C1E3D4519CEC9D00063CECA /* Images.xcassets in Resources */,
			);
			runOnlyForDeploymentPostprocessing = 0;
		};
		7C1E3D4B19CEC9D00063CECA /* Resources */ = {
			isa = PBXResourcesBuildPhase;
			buildActionMask = 2147483647;
			files = (
			);
			runOnlyForDeploymentPostprocessing = 0;
		};
/* End PBXResourcesBuildPhase section */

/* Begin PBXSourcesBuildPhase section */
		7C1E3D3019CEC9D00063CECA /* Sources */ = {
			isa = PBXSourcesBuildPhase;
			buildActionMask = 2147483647;
			files = (
				7C1E3E7E19CECA110063CECA /* JNKOAuth1Helper.m in Sources */,
				7C1E3E7B19CECA110063CECA /* JNKBase64Transcoder.c in Sources */,
				7C1E3E7D19CECA110063CECA /* NSString+JNKOAuth1Encoding.m in Sources */,
				7C1E3D3D19CEC9D00063CECA /* AppDelegate.m in Sources */,
				7C1E3E7C19CECA110063CECA /* JNKOAuth1.m in Sources */,
				7C7B24D419D056E8006298E6 /* NSString+JNKURLEncode.m in Sources */,
				7CDBB04819CF0A6900782746 /* JNKNaverOAuth1WebViewController.m in Sources */,
				7C1E3D3A19CEC9D00063CECA /* main.m in Sources */,
				7C1E3E7A19CECA110063CECA /* JNKAsyncURLConnection.m in Sources */,
				7C7B24D519D056E8006298E6 /* UIAlertView+JNKError.m in Sources */,
				7CDBB04719CF0A6900782746 /* JNKNaverOAuth1Request.m in Sources */,
				7C1E3E7F19CECA110063CECA /* JNKOAuth1UserDefaults.m in Sources */,
				7C1E3E9F19CECE1B0063CECA /* JNKNaverOAuth1ViewController.m in Sources */,
			);
			runOnlyForDeploymentPostprocessing = 0;
		};
		7C1E3D4919CEC9D00063CECA /* Sources */ = {
			isa = PBXSourcesBuildPhase;
			buildActionMask = 2147483647;
			files = (
				7C1E3D5419CEC9D10063CECA /* JNKNaverOAuth1OpenAPI_iOS_ExampleTests.m in Sources */,
			);
			runOnlyForDeploymentPostprocessing = 0;
		};
/* End PBXSourcesBuildPhase section */

/* Begin PBXTargetDependency section */
		7C1E3D4F19CEC9D00063CECA /* PBXTargetDependency */ = {
			isa = PBXTargetDependency;
			target = 7C1E3D3319CEC9D00063CECA /* JNKNaverOAuth1OpenAPI iOS Example */;
			targetProxy = 7C1E3D4E19CEC9D00063CECA /* PBXContainerItemProxy */;
		};
/* End PBXTargetDependency section */

/* Begin PBXVariantGroup section */
		7C1E3D4119CEC9D00063CECA /* Main.storyboard */ = {
			isa = PBXVariantGroup;
			children = (
				7C1E3D4219CEC9D00063CECA /* Base */,
			);
			name = Main.storyboard;
			sourceTree = "<group>";
		};
		7C1E3D4619CEC9D00063CECA /* LaunchScreen.xib */ = {
			isa = PBXVariantGroup;
			children = (
				7C1E3D4719CEC9D00063CECA /* Base */,
			);
			name = LaunchScreen.xib;
			sourceTree = "<group>";
		};
/* End PBXVariantGroup section */

/* Begin XCBuildConfiguration section */
		7C1E3D5519CEC9D10063CECA /* Debug */ = {
			isa = XCBuildConfiguration;
			buildSettings = {
				ALWAYS_SEARCH_USER_PATHS = NO;
				CLANG_CXX_LANGUAGE_STANDARD = "gnu++0x";
				CLANG_CXX_LIBRARY = "libc++";
				CLANG_ENABLE_MODULES = YES;
				CLANG_ENABLE_OBJC_ARC = YES;
				CLANG_WARN_BOOL_CONVERSION = YES;
				CLANG_WARN_CONSTANT_CONVERSION = YES;
				CLANG_WARN_DIRECT_OBJC_ISA_USAGE = YES_ERROR;
				CLANG_WARN_EMPTY_BODY = YES;
				CLANG_WARN_ENUM_CONVERSION = YES;
				CLANG_WARN_INT_CONVERSION = YES;
				CLANG_WARN_OBJC_ROOT_CLASS = YES_ERROR;
				CLANG_WARN_UNREACHABLE_CODE = YES;
				CLANG_WARN__DUPLICATE_METHOD_MATCH = YES;
				"CODE_SIGN_IDENTITY[sdk=iphoneos*]" = "iPhone Developer";
				COPY_PHASE_STRIP = NO;
				ENABLE_STRICT_OBJC_MSGSEND = YES;
				GCC_C_LANGUAGE_STANDARD = gnu99;
				GCC_DYNAMIC_NO_PIC = NO;
				GCC_OPTIMIZATION_LEVEL = 0;
				GCC_PREPROCESSOR_DEFINITIONS = (
					"DEBUG=1",
					"$(inherited)",
				);
				GCC_SYMBOLS_PRIVATE_EXTERN = NO;
				GCC_WARN_64_TO_32_BIT_CONVERSION = YES;
				GCC_WARN_ABOUT_RETURN_TYPE = YES_ERROR;
				GCC_WARN_UNDECLARED_SELECTOR = YES;
				GCC_WARN_UNINITIALIZED_AUTOS = YES_AGGRESSIVE;
				GCC_WARN_UNUSED_FUNCTION = YES;
				GCC_WARN_UNUSED_VARIABLE = YES;
				IPHONEOS_DEPLOYMENT_TARGET = 7.0;
				MTL_ENABLE_DEBUG_INFO = YES;
				ONLY_ACTIVE_ARCH = YES;
				SDKROOT = iphoneos;
			};
			name = Debug;
		};
		7C1E3D5619CEC9D10063CECA /* Release */ = {
			isa = XCBuildConfiguration;
			buildSettings = {
				ALWAYS_SEARCH_USER_PATHS = NO;
				CLANG_CXX_LANGUAGE_STANDARD = "gnu++0x";
				CLANG_CXX_LIBRARY = "libc++";
				CLANG_ENABLE_MODULES = YES;
				CLANG_ENABLE_OBJC_ARC = YES;
				CLANG_WARN_BOOL_CONVERSION = YES;
				CLANG_WARN_CONSTANT_CONVERSION = YES;
				CLANG_WARN_DIRECT_OBJC_ISA_USAGE = YES_ERROR;
				CLANG_WARN_EMPTY_BODY = YES;
				CLANG_WARN_ENUM_CONVERSION = YES;
				CLANG_WARN_INT_CONVERSION = YES;
				CLANG_WARN_OBJC_ROOT_CLASS = YES_ERROR;
				CLANG_WARN_UNREACHABLE_CODE = YES;
				CLANG_WARN__DUPLICATE_METHOD_MATCH = YES;
				"CODE_SIGN_IDENTITY[sdk=iphoneos*]" = "iPhone Developer";
				COPY_PHASE_STRIP = YES;
				ENABLE_NS_ASSERTIONS = NO;
				ENABLE_STRICT_OBJC_MSGSEND = YES;
				GCC_C_LANGUAGE_STANDARD = gnu99;
				GCC_WARN_64_TO_32_BIT_CONVERSION = YES;
				GCC_WARN_ABOUT_RETURN_TYPE = YES_ERROR;
				GCC_WARN_UNDECLARED_SELECTOR = YES;
				GCC_WARN_UNINITIALIZED_AUTOS = YES_AGGRESSIVE;
				GCC_WARN_UNUSED_FUNCTION = YES;
				GCC_WARN_UNUSED_VARIABLE = YES;
				IPHONEOS_DEPLOYMENT_TARGET = 7.0;
				MTL_ENABLE_DEBUG_INFO = NO;
				SDKROOT = iphoneos;
				VALIDATE_PRODUCT = YES;
			};
			name = Release;
		};
		7C1E3D5819CEC9D10063CECA /* Debug */ = {
			isa = XCBuildConfiguration;
			buildSettings = {
				ASSETCATALOG_COMPILER_APPICON_NAME = AppIcon;
				INFOPLIST_FILE = "JNKNaverOAuth1OpenAPI iOS Example/Info.plist";
				LD_RUNPATH_SEARCH_PATHS = "$(inherited) @executable_path/Frameworks";
				PRODUCT_NAME = "$(TARGET_NAME)";
			};
			name = Debug;
		};
		7C1E3D5919CEC9D10063CECA /* Release */ = {
			isa = XCBuildConfiguration;
			buildSettings = {
				ASSETCATALOG_COMPILER_APPICON_NAME = AppIcon;
				INFOPLIST_FILE = "JNKNaverOAuth1OpenAPI iOS Example/Info.plist";
				LD_RUNPATH_SEARCH_PATHS = "$(inherited) @executable_path/Frameworks";
				PRODUCT_NAME = "$(TARGET_NAME)";
			};
			name = Release;
		};
		7C1E3D5B19CEC9D10063CECA /* Debug */ = {
			isa = XCBuildConfiguration;
			buildSettings = {
				BUNDLE_LOADER = "$(TEST_HOST)";
				FRAMEWORK_SEARCH_PATHS = (
					"$(SDKROOT)/Developer/Library/Frameworks",
					"$(inherited)",
				);
				GCC_PREPROCESSOR_DEFINITIONS = (
					"DEBUG=1",
					"$(inherited)",
				);
				INFOPLIST_FILE = "JNKNaverOAuth1OpenAPI iOS ExampleTests/Info.plist";
				LD_RUNPATH_SEARCH_PATHS = "$(inherited) @executable_path/Frameworks @loader_path/Frameworks";
				PRODUCT_NAME = "$(TARGET_NAME)";
				TEST_HOST = "$(BUILT_PRODUCTS_DIR)/JNKNaverOAuth1OpenAPI iOS Example.app/JNKNaverOAuth1OpenAPI iOS Example";
			};
			name = Debug;
		};
		7C1E3D5C19CEC9D10063CECA /* Release */ = {
			isa = XCBuildConfiguration;
			buildSettings = {
				BUNDLE_LOADER = "$(TEST_HOST)";
				FRAMEWORK_SEARCH_PATHS = (
					"$(SDKROOT)/Developer/Library/Frameworks",
					"$(inherited)",
				);
				INFOPLIST_FILE = "JNKNaverOAuth1OpenAPI iOS ExampleTests/Info.plist";
				LD_RUNPATH_SEARCH_PATHS = "$(inherited) @executable_path/Frameworks @loader_path/Frameworks";
				PRODUCT_NAME = "$(TARGET_NAME)";
				TEST_HOST = "$(BUILT_PRODUCTS_DIR)/JNKNaverOAuth1OpenAPI iOS Example.app/JNKNaverOAuth1OpenAPI iOS Example";
			};
			name = Release;
		};
/* End XCBuildConfiguration section */

/* Begin XCConfigurationList section */
		7C1E3D2F19CEC9D00063CECA /* Build configuration list for PBXProject "JNKNaverOAuth1OpenAPI iOS Example" */ = {
			isa = XCConfigurationList;
			buildConfigurations = (
				7C1E3D5519CEC9D10063CECA /* Debug */,
				7C1E3D5619CEC9D10063CECA /* Release */,
			);
			defaultConfigurationIsVisible = 0;
			defaultConfigurationName = Release;
		};
		7C1E3D5719CEC9D10063CECA /* Build configuration list for PBXNativeTarget "JNKNaverOAuth1OpenAPI iOS Example" */ = {
			isa = XCConfigurationList;
			buildConfigurations = (
				7C1E3D5819CEC9D10063CECA /* Debug */,
				7C1E3D5919CEC9D10063CECA /* Release */,
			);
			defaultConfigurationIsVisible = 0;
			defaultConfigurationName = Release;
		};
		7C1E3D5A19CEC9D10063CECA /* Build configuration list for PBXNativeTarget "JNKNaverOAuth1OpenAPI iOS ExampleTests" */ = {
			isa = XCConfigurationList;
			buildConfigurations = (
				7C1E3D5B19CEC9D10063CECA /* Debug */,
				7C1E3D5C19CEC9D10063CECA /* Release */,
			);
			defaultConfigurationIsVisible = 0;
			defaultConfigurationName = Release;
		};
/* End XCConfigurationList section */
	};
	rootObject = 7C1E3D2C19CEC9D00063CECA /* Project object */;
}
